
Microsoft Visual Studio Solution File, Format Version 12.00
# Visual Studio Version 17
VisualStudioVersion = 17.4.33403.182
MinimumVisualStudioVersion = 10.0.40219.1
Project("{FAE04EC0-301F-11D3-BF4B-00C04F79EFBC}") = "CosmosDB-Example.UI", "CosmosDB-Example.UI\CosmosDB-Example.UI.csproj", "{09FCB68A-543D-4D57-A08D-A5E721E433DD}"
EndProject
Project("{FAE04EC0-301F-11D3-BF4B-00C04F79EFBC}") = "CosmosDB-Example.BusinessLogic", "CosmosDB-Example.BusinessLogic\CosmosDB-Example.BusinessLogic.csproj", "{73E2EFBB-35CE-4B00-A5EA-3B11E71EC478}"
EndProject
Project("{FAE04EC0-301F-11D3-BF4B-00C04F79EFBC}") = "Cosmos-Example.Model", "Cosmos-Example.Model\Cosmos-Example.Model.csproj", "{2C76422E-6688-4252-B1E2-573D1C22DF01}"
EndProject
Global
	GlobalSection(SolutionConfigurationPlatforms) = preSolution
		Debug|Any CPU = Debug|Any CPU
		Release|Any CPU = Release|Any CPU
	EndGlobalSection
	GlobalSection(ProjectConfigurationPlatforms) = postSolution
		{09FCB68A-543D-4D57-A08D-A5E721E433DD}.Debug|Any CPU.ActiveCfg = Debug|Any CPU
		{09FCB68A-543D-4D57-A08D-A5E721E433DD}.Debug|Any CPU.Build.0 = Debug|Any CPU
		{09FCB68A-543D-4D57-A08D-A5E721E433DD}.Release|Any CPU.ActiveCfg = Release|Any CPU
		{09FCB68A-543D-4D57-A08D-A5E721E433DD}.Release|Any CPU.Build.0 = Release|Any CPU
		{73E2EFBB-35CE-4B00-A5EA-3B11E71EC478}.Debug|Any CPU.ActiveCfg = Debug|Any CPU
		{73E2EFBB-35CE-4B00-A5EA-3B11E71EC478}.Debug|Any CPU.Build.0 = Debug|Any CPU
		{73E2EFBB-35CE-4B00-A5EA-3B11E71EC478}.Release|Any CPU.ActiveCfg = Release|Any CPU
		{73E2EFBB-35CE-4B00-A5EA-3B11E71EC478}.Release|Any CPU.Build.0 = Release|Any CPU
		{2C76422E-6688-4252-B1E2-573D1C22DF01}.Debug|Any CPU.ActiveCfg = Debug|Any CPU
		{2C76422E-6688-4252-B1E2-573D1C22DF01}.Debug|Any CPU.Build.0 = Debug|Any CPU
		{2C76422E-6688-4252-B1E2-573D1C22DF01}.Release|Any CPU.ActiveCfg = Release|Any CPU
		{2C76422E-6688-4252-B1E2-573D1C22DF01}.Release|Any CPU.Build.0 = Release|Any CPU
	EndGlobalSection
	GlobalSection(SolutionProperties) = preSolution
		HideSolutionNode = FALSE
	EndGlobalSection
	GlobalSection(ExtensibilityGlobals) = postSolution
		SolutionGuid = {097D9046-A3F1-4EE3-BDA2-1217B238754E}
	EndGlobalSection
EndGlobal
